
Microsoft Visual Studio Solution File, Format Version 12.00
# Visual Studio 15
VisualStudioVersion = 15.0.27703.2000
MinimumVisualStudioVersion = 10.0.40219.1
Project("{FAE04EC0-301F-11D3-BF4B-00C04F79EFBC}") = "WindowsFormsApp1", "WindowsFormsApp1\WindowsFormsApp1.csproj", "{F2933AB3-EF27-41C8-9791-1C6CAACC5057}"
EndProject
Global
	GlobalSection(SolutionConfigurationPlatforms) = preSolution
		Debug|Any CPU = Debug|Any CPU
		Release|Any CPU = Release|Any CPU
	EndGlobalSection
	GlobalSection(ProjectConfigurationPlatforms) = postSolution
		{F2933AB3-EF27-41C8-9791-1C6CAACC5057}.Debug|Any CPU.ActiveCfg = Debug|Any CPU
		{F2933AB3-EF27-41C8-9791-1C6CAACC5057}.Debug|Any CPU.Build.0 = Debug|Any CPU
		{F2933AB3-EF27-41C8-9791-1C6CAACC5057}.Release|Any CPU.ActiveCfg = Release|Any CPU
		{F2933AB3-EF27-41C8-9791-1C6CAACC5057}.Release|Any CPU.Build.0 = Release|Any CPU
	EndGlobalSection
	GlobalSection(SolutionProperties) = preSolution
		HideSolutionNode = FALSE
	EndGlobalSection
	GlobalSection(ExtensibilityGlobals) = postSolution
		SolutionGuid = {72BBBF3F-9619-4109-92D7-0E49537070B5}
	EndGlobalSection
EndGlobal
