
Microsoft Visual Studio Solution File, Format Version 12.00
# Visual Studio 15
VisualStudioVersion = 15.0.27004.2010
MinimumVisualStudioVersion = 10.0.40219.1
Project("{FAE04EC0-301F-11D3-BF4B-00C04F79EFBC}") = "colecao_list", "colecao_list\colecao_list.csproj", "{B564D3B3-6969-4CAA-BD28-F3D62237F645}"
EndProject
Global
	GlobalSection(SolutionConfigurationPlatforms) = preSolution
		Debug|Any CPU = Debug|Any CPU
		Release|Any CPU = Release|Any CPU
	EndGlobalSection
	GlobalSection(ProjectConfigurationPlatforms) = postSolution
		{B564D3B3-6969-4CAA-BD28-F3D62237F645}.Debug|Any CPU.ActiveCfg = Debug|Any CPU
		{B564D3B3-6969-4CAA-BD28-F3D62237F645}.Debug|Any CPU.Build.0 = Debug|Any CPU
		{B564D3B3-6969-4CAA-BD28-F3D62237F645}.Release|Any CPU.ActiveCfg = Release|Any CPU
		{B564D3B3-6969-4CAA-BD28-F3D62237F645}.Release|Any CPU.Build.0 = Release|Any CPU
	EndGlobalSection
	GlobalSection(SolutionProperties) = preSolution
		HideSolutionNode = FALSE
	EndGlobalSection
	GlobalSection(ExtensibilityGlobals) = postSolution
		SolutionGuid = {DB8E4460-0FAD-43C1-A31D-4368017B13E0}
	EndGlobalSection
EndGlobal
