
Microsoft Visual Studio Solution File, Format Version 12.00
# Visual Studio 15
VisualStudioVersion = 15.0.27130.2010
MinimumVisualStudioVersion = 10.0.40219.1
Project("{FAE04EC0-301F-11D3-BF4B-00C04F79EFBC}") = "Bancodedados_teste", "Bancodedados_teste\Bancodedados_teste.csproj", "{FC86D954-838E-4D2E-AD78-E1A41A3BFBC2}"
EndProject
Global
	GlobalSection(SolutionConfigurationPlatforms) = preSolution
		Debug|Any CPU = Debug|Any CPU
		Release|Any CPU = Release|Any CPU
	EndGlobalSection
	GlobalSection(ProjectConfigurationPlatforms) = postSolution
		{FC86D954-838E-4D2E-AD78-E1A41A3BFBC2}.Debug|Any CPU.ActiveCfg = Debug|Any CPU
		{FC86D954-838E-4D2E-AD78-E1A41A3BFBC2}.Debug|Any CPU.Build.0 = Debug|Any CPU
		{FC86D954-838E-4D2E-AD78-E1A41A3BFBC2}.Release|Any CPU.ActiveCfg = Release|Any CPU
		{FC86D954-838E-4D2E-AD78-E1A41A3BFBC2}.Release|Any CPU.Build.0 = Release|Any CPU
	EndGlobalSection
	GlobalSection(SolutionProperties) = preSolution
		HideSolutionNode = FALSE
	EndGlobalSection
	GlobalSection(ExtensibilityGlobals) = postSolution
		SolutionGuid = {846E70F4-157F-4D80-86E1-D41DD391FE36}
	EndGlobalSection
EndGlobal
