
Microsoft Visual Studio Solution File, Format Version 12.00
# Visual Studio 15
VisualStudioVersion = 15.0.27130.2010
MinimumVisualStudioVersion = 10.0.40219.1
Project("{FAE04EC0-301F-11D3-BF4B-00C04F79EFBC}") = "Trocando_informacoes_entre_forms", "Trocando_informacoes_entre_forms\Trocando_informacoes_entre_forms.csproj", "{AC2E3269-1882-4E84-832A-14A207727D88}"
EndProject
Global
	GlobalSection(SolutionConfigurationPlatforms) = preSolution
		Debug|Any CPU = Debug|Any CPU
		Release|Any CPU = Release|Any CPU
	EndGlobalSection
	GlobalSection(ProjectConfigurationPlatforms) = postSolution
		{AC2E3269-1882-4E84-832A-14A207727D88}.Debug|Any CPU.ActiveCfg = Debug|Any CPU
		{AC2E3269-1882-4E84-832A-14A207727D88}.Debug|Any CPU.Build.0 = Debug|Any CPU
		{AC2E3269-1882-4E84-832A-14A207727D88}.Release|Any CPU.ActiveCfg = Release|Any CPU
		{AC2E3269-1882-4E84-832A-14A207727D88}.Release|Any CPU.Build.0 = Release|Any CPU
	EndGlobalSection
	GlobalSection(SolutionProperties) = preSolution
		HideSolutionNode = FALSE
	EndGlobalSection
	GlobalSection(ExtensibilityGlobals) = postSolution
		SolutionGuid = {F3637BEA-F247-4DB8-9BB1-5A22176193D2}
	EndGlobalSection
EndGlobal
