
Microsoft Visual Studio Solution File, Format Version 12.00
# Visual Studio 15
VisualStudioVersion = 15.0.27004.2010
MinimumVisualStudioVersion = 10.0.40219.1
Project("{FAE04EC0-301F-11D3-BF4B-00C04F79EFBC}") = "Array_Collections", "Array_Collections\Array_Collections.csproj", "{CE86BFEE-D003-456F-8DB5-76AB2549A670}"
EndProject
Global
	GlobalSection(SolutionConfigurationPlatforms) = preSolution
		Debug|Any CPU = Debug|Any CPU
		Release|Any CPU = Release|Any CPU
	EndGlobalSection
	GlobalSection(ProjectConfigurationPlatforms) = postSolution
		{CE86BFEE-D003-456F-8DB5-76AB2549A670}.Debug|Any CPU.ActiveCfg = Debug|Any CPU
		{CE86BFEE-D003-456F-8DB5-76AB2549A670}.Debug|Any CPU.Build.0 = Debug|Any CPU
		{CE86BFEE-D003-456F-8DB5-76AB2549A670}.Release|Any CPU.ActiveCfg = Release|Any CPU
		{CE86BFEE-D003-456F-8DB5-76AB2549A670}.Release|Any CPU.Build.0 = Release|Any CPU
	EndGlobalSection
	GlobalSection(SolutionProperties) = preSolution
		HideSolutionNode = FALSE
	EndGlobalSection
	GlobalSection(ExtensibilityGlobals) = postSolution
		SolutionGuid = {23948A7E-FE1B-4A08-9FC4-6372E772DBE9}
	EndGlobalSection
EndGlobal
