
Microsoft Visual Studio Solution File, Format Version 12.00
# Visual Studio 15
VisualStudioVersion = 15.0.27130.2010
MinimumVisualStudioVersion = 10.0.40219.1
Project("{FAE04EC0-301F-11D3-BF4B-00C04F79EFBC}") = "Manipulacao_arquivos", "Manipulacao_arquivos\Manipulacao_arquivos.csproj", "{369D55DD-4E86-4D7A-926B-BDE159F059B6}"
EndProject
Global
	GlobalSection(SolutionConfigurationPlatforms) = preSolution
		Debug|Any CPU = Debug|Any CPU
		Release|Any CPU = Release|Any CPU
	EndGlobalSection
	GlobalSection(ProjectConfigurationPlatforms) = postSolution
		{369D55DD-4E86-4D7A-926B-BDE159F059B6}.Debug|Any CPU.ActiveCfg = Debug|Any CPU
		{369D55DD-4E86-4D7A-926B-BDE159F059B6}.Debug|Any CPU.Build.0 = Debug|Any CPU
		{369D55DD-4E86-4D7A-926B-BDE159F059B6}.Release|Any CPU.ActiveCfg = Release|Any CPU
		{369D55DD-4E86-4D7A-926B-BDE159F059B6}.Release|Any CPU.Build.0 = Release|Any CPU
	EndGlobalSection
	GlobalSection(SolutionProperties) = preSolution
		HideSolutionNode = FALSE
	EndGlobalSection
	GlobalSection(ExtensibilityGlobals) = postSolution
		SolutionGuid = {305F9A35-CBF4-4C1A-92E0-A1F146FEBD75}
	EndGlobalSection
EndGlobal
