
Microsoft Visual Studio Solution File, Format Version 12.00
# Visual Studio 15
VisualStudioVersion = 15.0.27130.2010
MinimumVisualStudioVersion = 10.0.40219.1
Project("{FAE04EC0-301F-11D3-BF4B-00C04F79EFBC}") = "video_aula_varios_exemplos", "video_aula_varios_exemplos\video_aula_varios_exemplos.csproj", "{52AECE5B-5C02-4B86-9DD7-E657D1D46A78}"
EndProject
Global
	GlobalSection(SolutionConfigurationPlatforms) = preSolution
		Debug|Any CPU = Debug|Any CPU
		Release|Any CPU = Release|Any CPU
	EndGlobalSection
	GlobalSection(ProjectConfigurationPlatforms) = postSolution
		{52AECE5B-5C02-4B86-9DD7-E657D1D46A78}.Debug|Any CPU.ActiveCfg = Debug|Any CPU
		{52AECE5B-5C02-4B86-9DD7-E657D1D46A78}.Debug|Any CPU.Build.0 = Debug|Any CPU
		{52AECE5B-5C02-4B86-9DD7-E657D1D46A78}.Release|Any CPU.ActiveCfg = Release|Any CPU
		{52AECE5B-5C02-4B86-9DD7-E657D1D46A78}.Release|Any CPU.Build.0 = Release|Any CPU
	EndGlobalSection
	GlobalSection(SolutionProperties) = preSolution
		HideSolutionNode = FALSE
	EndGlobalSection
	GlobalSection(ExtensibilityGlobals) = postSolution
		SolutionGuid = {3B33AA54-6387-435A-9615-BC4E93ADCEA9}
	EndGlobalSection
EndGlobal
