
Microsoft Visual Studio Solution File, Format Version 12.00
# Visual Studio 15
VisualStudioVersion = 15.0.27130.2010
MinimumVisualStudioVersion = 10.0.40219.1
Project("{FAE04EC0-301F-11D3-BF4B-00C04F79EFBC}") = "Crud3CamadasFormSQLServer_TESTE", "Crud3CamadasFormSQLServer_TESTE\Crud3CamadasFormSQLServer_TESTE.csproj", "{C1AEC430-72A8-4970-A81D-1C4685AE6F13}"
EndProject
Global
	GlobalSection(SolutionConfigurationPlatforms) = preSolution
		Debug|Any CPU = Debug|Any CPU
		Release|Any CPU = Release|Any CPU
	EndGlobalSection
	GlobalSection(ProjectConfigurationPlatforms) = postSolution
		{C1AEC430-72A8-4970-A81D-1C4685AE6F13}.Debug|Any CPU.ActiveCfg = Debug|Any CPU
		{C1AEC430-72A8-4970-A81D-1C4685AE6F13}.Debug|Any CPU.Build.0 = Debug|Any CPU
		{C1AEC430-72A8-4970-A81D-1C4685AE6F13}.Release|Any CPU.ActiveCfg = Release|Any CPU
		{C1AEC430-72A8-4970-A81D-1C4685AE6F13}.Release|Any CPU.Build.0 = Release|Any CPU
	EndGlobalSection
	GlobalSection(SolutionProperties) = preSolution
		HideSolutionNode = FALSE
	EndGlobalSection
	GlobalSection(ExtensibilityGlobals) = postSolution
		SolutionGuid = {41F9AE84-A1ED-456E-AA18-5A8A729BD004}
	EndGlobalSection
EndGlobal
