
Microsoft Visual Studio Solution File, Format Version 12.00
# Visual Studio 15
VisualStudioVersion = 15.0.27130.2010
MinimumVisualStudioVersion = 10.0.40219.1
Project("{FAE04EC0-301F-11D3-BF4B-00C04F79EFBC}") = "Executando_comandoCMD", "Executando_comandoCMD\Executando_comandoCMD.csproj", "{07CA189C-BC96-4042-A375-65D13CBACBF9}"
EndProject
Global
	GlobalSection(SolutionConfigurationPlatforms) = preSolution
		Debug|Any CPU = Debug|Any CPU
		Release|Any CPU = Release|Any CPU
	EndGlobalSection
	GlobalSection(ProjectConfigurationPlatforms) = postSolution
		{07CA189C-BC96-4042-A375-65D13CBACBF9}.Debug|Any CPU.ActiveCfg = Debug|Any CPU
		{07CA189C-BC96-4042-A375-65D13CBACBF9}.Debug|Any CPU.Build.0 = Debug|Any CPU
		{07CA189C-BC96-4042-A375-65D13CBACBF9}.Release|Any CPU.ActiveCfg = Release|Any CPU
		{07CA189C-BC96-4042-A375-65D13CBACBF9}.Release|Any CPU.Build.0 = Release|Any CPU
	EndGlobalSection
	GlobalSection(SolutionProperties) = preSolution
		HideSolutionNode = FALSE
	EndGlobalSection
	GlobalSection(ExtensibilityGlobals) = postSolution
		SolutionGuid = {F61D1237-C0F2-4FE7-BEBD-EBF2AC3BD88E}
	EndGlobalSection
EndGlobal
